
Microsoft Visual Studio Solution File, Format Version 12.00
# Visual Studio Version 17
VisualStudioVersion = 17.2.32516.85
MinimumVisualStudioVersion = 10.0.40219.1
Project("{9A19103F-16F7-4668-BE54-9A1E7A4F7556}") = "Movies.App", "Movies.App\Movies.App.csproj", "{D3A1D254-51DD-42DF-B557-772FFD45157D}"
EndProject
Global
	GlobalSection(SolutionConfigurationPlatforms) = preSolution
		Debug|Any CPU = Debug|Any CPU
		Release|Any CPU = Release|Any CPU
	EndGlobalSection
	GlobalSection(ProjectConfigurationPlatforms) = postSolution
		{D3A1D254-51DD-42DF-B557-772FFD45157D}.Debug|Any CPU.ActiveCfg = Debug|Any CPU
		{D3A1D254-51DD-42DF-B557-772FFD45157D}.Debug|Any CPU.Build.0 = Debug|Any CPU
		{D3A1D254-51DD-42DF-B557-772FFD45157D}.Release|Any CPU.ActiveCfg = Release|Any CPU
		{D3A1D254-51DD-42DF-B557-772FFD45157D}.Release|Any CPU.Build.0 = Release|Any CPU
	EndGlobalSection
	GlobalSection(SolutionProperties) = preSolution
		HideSolutionNode = FALSE
	EndGlobalSection
	GlobalSection(ExtensibilityGlobals) = postSolution
		SolutionGuid = {842A6554-6B7B-4A1C-9258-DF6E6DED2444}
	EndGlobalSection
EndGlobal
